
Microsoft Visual Studio Solution File, Format Version 12.00
# Visual Studio Version 17
VisualStudioVersion = 17.5.33530.505
MinimumVisualStudioVersion = 10.0.40219.1
Project("{FAE04EC0-301F-11D3-BF4B-00C04F79EFBC}") = "PixaiBot", "PixaiBot\PixaiBot.csproj", "{7CB15F8A-048B-466B-8E3B-07B05E35CFAB}"
EndProject
Global
	GlobalSection(SolutionConfigurationPlatforms) = preSolution
		Debug|Any CPU = Debug|Any CPU
		Release|Any CPU = Release|Any CPU
	EndGlobalSection
	GlobalSection(ProjectConfigurationPlatforms) = postSolution
		{7CB15F8A-048B-466B-8E3B-07B05E35CFAB}.Debug|Any CPU.ActiveCfg = Debug|Any CPU
		{7CB15F8A-048B-466B-8E3B-07B05E35CFAB}.Debug|Any CPU.Build.0 = Debug|Any CPU
		{7CB15F8A-048B-466B-8E3B-07B05E35CFAB}.Release|Any CPU.ActiveCfg = Release|Any CPU
		{7CB15F8A-048B-466B-8E3B-07B05E35CFAB}.Release|Any CPU.Build.0 = Release|Any CPU
	EndGlobalSection
	GlobalSection(SolutionProperties) = preSolution
		HideSolutionNode = FALSE
	EndGlobalSection
	GlobalSection(ExtensibilityGlobals) = postSolution
		SolutionGuid = {7D4FC70B-CAD6-47D6-9724-72A345ECAF6E}
	EndGlobalSection
EndGlobal
